
Microsoft Visual Studio Solution File, Format Version 12.00
# Visual Studio 15
VisualStudioVersion = 15.0.26430.15
MinimumVisualStudioVersion = 10.0.40219.1
Project("{2150E333-8FDC-42A3-9474-1A3956D46DE8}") = "nuget", "nuget", "{1FC70BEF-B74C-4FA1-BC1E-F8D4AC1D44EE}"
	ProjectSection(SolutionItems) = preProject
		nuget\build.fsx = nuget\build.fsx
		nuget\build.sh = nuget\build.sh
		nuget\prismic.nuspec = nuget\prismic.nuspec
	EndProjectSection
EndProject
Project("{9A19103F-16F7-4668-BE54-9A1E7A4F7556}") = "prismicio", "prismic\prismicio.csproj", "{624DDAF4-44BC-46D6-A82F-EB1DA12DF81D}"
EndProject
Project("{9A19103F-16F7-4668-BE54-9A1E7A4F7556}") = "prismicio.tests", "prismic.tests\prismicio.tests.csproj", "{13741C8B-55F8-4D26-94AD-577AD879CC85}"
EndProject
Global
	GlobalSection(SolutionConfigurationPlatforms) = preSolution
		Debug|Any CPU = Debug|Any CPU
		Debug|x64 = Debug|x64
		Debug|x86 = Debug|x86
		Release|Any CPU = Release|Any CPU
		Release|x64 = Release|x64
		Release|x86 = Release|x86
	EndGlobalSection
	GlobalSection(ProjectConfigurationPlatforms) = postSolution
		{624DDAF4-44BC-46D6-A82F-EB1DA12DF81D}.Debug|Any CPU.ActiveCfg = Debug|Any CPU
		{624DDAF4-44BC-46D6-A82F-EB1DA12DF81D}.Debug|Any CPU.Build.0 = Debug|Any CPU
		{624DDAF4-44BC-46D6-A82F-EB1DA12DF81D}.Debug|x64.ActiveCfg = Debug|Any CPU
		{624DDAF4-44BC-46D6-A82F-EB1DA12DF81D}.Debug|x64.Build.0 = Debug|Any CPU
		{624DDAF4-44BC-46D6-A82F-EB1DA12DF81D}.Debug|x86.ActiveCfg = Debug|Any CPU
		{624DDAF4-44BC-46D6-A82F-EB1DA12DF81D}.Debug|x86.Build.0 = Debug|Any CPU
		{624DDAF4-44BC-46D6-A82F-EB1DA12DF81D}.Release|Any CPU.ActiveCfg = Release|Any CPU
		{624DDAF4-44BC-46D6-A82F-EB1DA12DF81D}.Release|Any CPU.Build.0 = Release|Any CPU
		{624DDAF4-44BC-46D6-A82F-EB1DA12DF81D}.Release|x64.ActiveCfg = Release|Any CPU
		{624DDAF4-44BC-46D6-A82F-EB1DA12DF81D}.Release|x64.Build.0 = Release|Any CPU
		{624DDAF4-44BC-46D6-A82F-EB1DA12DF81D}.Release|x86.ActiveCfg = Release|Any CPU
		{624DDAF4-44BC-46D6-A82F-EB1DA12DF81D}.Release|x86.Build.0 = Release|Any CPU
		{13741C8B-55F8-4D26-94AD-577AD879CC85}.Debug|Any CPU.ActiveCfg = Debug|Any CPU
		{13741C8B-55F8-4D26-94AD-577AD879CC85}.Debug|Any CPU.Build.0 = Debug|Any CPU
		{13741C8B-55F8-4D26-94AD-577AD879CC85}.Debug|x64.ActiveCfg = Debug|Any CPU
		{13741C8B-55F8-4D26-94AD-577AD879CC85}.Debug|x64.Build.0 = Debug|Any CPU
		{13741C8B-55F8-4D26-94AD-577AD879CC85}.Debug|x86.ActiveCfg = Debug|Any CPU
		{13741C8B-55F8-4D26-94AD-577AD879CC85}.Debug|x86.Build.0 = Debug|Any CPU
		{13741C8B-55F8-4D26-94AD-577AD879CC85}.Release|Any CPU.ActiveCfg = Release|Any CPU
		{13741C8B-55F8-4D26-94AD-577AD879CC85}.Release|Any CPU.Build.0 = Release|Any CPU
		{13741C8B-55F8-4D26-94AD-577AD879CC85}.Release|x64.ActiveCfg = Release|Any CPU
		{13741C8B-55F8-4D26-94AD-577AD879CC85}.Release|x64.Build.0 = Release|Any CPU
		{13741C8B-55F8-4D26-94AD-577AD879CC85}.Release|x86.ActiveCfg = Release|Any CPU
		{13741C8B-55F8-4D26-94AD-577AD879CC85}.Release|x86.Build.0 = Release|Any CPU
	EndGlobalSection
	GlobalSection(SolutionProperties) = preSolution
		HideSolutionNode = FALSE
	EndGlobalSection
	GlobalSection(MonoDevelopProperties) = preSolution
		StartupItem = prismic\prismicio.csproj
	EndGlobalSection
EndGlobal
